
Microsoft Visual Studio Solution File, Format Version 12.00
# Visual Studio Version 17
VisualStudioVersion = 17.2.32616.157
MinimumVisualStudioVersion = 10.0.40219.1
Project("{FAE04EC0-301F-11D3-BF4B-00C04F79EFBC}") = "CompanyEmployees", "CompanyEmployees.csproj", "{66E5E530-325A-469D-B255-072B42D98288}"
EndProject
Project("{FAE04EC0-301F-11D3-BF4B-00C04F79EFBC}") = "LoggerService", "..\LoggerService\LoggerService.csproj", "{7BA5DFB4-FBAA-47D5-9F9A-5AB70E625B13}"
EndProject
Project("{FAE04EC0-301F-11D3-BF4B-00C04F79EFBC}") = "Contracts", "..\Contracts\Contracts.csproj", "{6C6CA5D5-B4A0-41DC-B817-DCD52754D19B}"
EndProject
Global
	GlobalSection(SolutionConfigurationPlatforms) = preSolution
		Debug|Any CPU = Debug|Any CPU
		Release|Any CPU = Release|Any CPU
	EndGlobalSection
	GlobalSection(ProjectConfigurationPlatforms) = postSolution
		{66E5E530-325A-469D-B255-072B42D98288}.Debug|Any CPU.ActiveCfg = Debug|Any CPU
		{66E5E530-325A-469D-B255-072B42D98288}.Debug|Any CPU.Build.0 = Debug|Any CPU
		{66E5E530-325A-469D-B255-072B42D98288}.Release|Any CPU.ActiveCfg = Release|Any CPU
		{66E5E530-325A-469D-B255-072B42D98288}.Release|Any CPU.Build.0 = Release|Any CPU
		{7BA5DFB4-FBAA-47D5-9F9A-5AB70E625B13}.Debug|Any CPU.ActiveCfg = Debug|Any CPU
		{7BA5DFB4-FBAA-47D5-9F9A-5AB70E625B13}.Debug|Any CPU.Build.0 = Debug|Any CPU
		{7BA5DFB4-FBAA-47D5-9F9A-5AB70E625B13}.Release|Any CPU.ActiveCfg = Release|Any CPU
		{7BA5DFB4-FBAA-47D5-9F9A-5AB70E625B13}.Release|Any CPU.Build.0 = Release|Any CPU
		{6C6CA5D5-B4A0-41DC-B817-DCD52754D19B}.Debug|Any CPU.ActiveCfg = Debug|Any CPU
		{6C6CA5D5-B4A0-41DC-B817-DCD52754D19B}.Debug|Any CPU.Build.0 = Debug|Any CPU
		{6C6CA5D5-B4A0-41DC-B817-DCD52754D19B}.Release|Any CPU.ActiveCfg = Release|Any CPU
		{6C6CA5D5-B4A0-41DC-B817-DCD52754D19B}.Release|Any CPU.Build.0 = Release|Any CPU
	EndGlobalSection
	GlobalSection(SolutionProperties) = preSolution
		HideSolutionNode = FALSE
	EndGlobalSection
	GlobalSection(ExtensibilityGlobals) = postSolution
		SolutionGuid = {3A3CFB3B-7B75-4EA0-A08F-FCF78D6E4513}
	EndGlobalSection
EndGlobal
